
Microsoft Visual Studio Solution File, Format Version 12.00
# Visual Studio Version 16
VisualStudioVersion = 16.0.810.6
MinimumVisualStudioVersion = 10.0.40219.1
Project("{FAE04EC0-301F-11D3-BF4B-00C04F79EFBC}") = "SocketIOClientSharp", "SocketIOClientSharp\SocketIOClientSharp.csproj", "{8F9E7CE4-8F2A-4E0E-A244-4C8CC060C6F8}"
EndProject
Global
	GlobalSection(SolutionConfigurationPlatforms) = preSolution
		Debug|Any CPU = Debug|Any CPU
		Release|Any CPU = Release|Any CPU
	EndGlobalSection
	GlobalSection(ProjectConfigurationPlatforms) = postSolution
		{8F9E7CE4-8F2A-4E0E-A244-4C8CC060C6F8}.Debug|Any CPU.ActiveCfg = Debug|Any CPU
		{8F9E7CE4-8F2A-4E0E-A244-4C8CC060C6F8}.Debug|Any CPU.Build.0 = Debug|Any CPU
		{8F9E7CE4-8F2A-4E0E-A244-4C8CC060C6F8}.Release|Any CPU.ActiveCfg = Release|Any CPU
		{8F9E7CE4-8F2A-4E0E-A244-4C8CC060C6F8}.Release|Any CPU.Build.0 = Release|Any CPU
	EndGlobalSection
	GlobalSection(SolutionProperties) = preSolution
		HideSolutionNode = FALSE
	EndGlobalSection
	GlobalSection(ExtensibilityGlobals) = postSolution
		SolutionGuid = {D60379AB-4ECA-487C-B12B-BE9B7BE89748}
	EndGlobalSection
EndGlobal
